
Microsoft Visual Studio Solution File, Format Version 11.00
# Visual Studio 2010
Project("{FAE04EC0-301F-11D3-BF4B-00C04F79EFBC}") = "Utility", "Logging_App.Utility\Utility.csproj", "{935E971A-0351-41CC-ACF5-31A8331C4D4E}"
EndProject
Project("{FAE04EC0-301F-11D3-BF4B-00C04F79EFBC}") = "Model", "Logging_APP.Model\Model.csproj", "{6A176135-D6F8-4538-99E2-C02E49DCEB05}"
EndProject
Project("{FAE04EC0-301F-11D3-BF4B-00C04F79EFBC}") = "Client", "Logging_APP\Client.csproj", "{8AFA78B8-B7EE-4476-9D39-E356C6E76F66}"
	ProjectSection(ProjectDependencies) = postProject
		{7D3329CF-A710-4B0E-A345-A7CEE9657152} = {7D3329CF-A710-4B0E-A345-A7CEE9657152}
	EndProjectSection
EndProject
Project("{FAE04EC0-301F-11D3-BF4B-00C04F79EFBC}") = "DBUtility", "DBUtility\DBUtility.csproj", "{0988C62E-247F-471F-A183-DB509C7A3839}"
EndProject
Project("{FAE04EC0-301F-11D3-BF4B-00C04F79EFBC}") = "WebService", "Logging_APP.WebService\WebService.csproj", "{7D3329CF-A710-4B0E-A345-A7CEE9657152}"
EndProject
Project("{FAE04EC0-301F-11D3-BF4B-00C04F79EFBC}") = "log4net.vs2010", "log4net\log4net.vs2010.csproj", "{181FE707-E161-4722-9F38-6AAAB6FAA106}"
EndProject
Project("{54435603-DBB4-11D2-8724-00A0C9A8B90C}") = "SetupBeta", "SetupTest\SetupTest.vdproj", "{12FDD430-C6D0-42EB-B81C-FB9E4C00810D}"
EndProject
Global
	GlobalSection(SolutionConfigurationPlatforms) = preSolution
		Debug|Any CPU = Debug|Any CPU
		Debug|Mixed Platforms = Debug|Mixed Platforms
		Debug|x64 = Debug|x64
		Debug|x86 = Debug|x86
		GuestRelease|Any CPU = GuestRelease|Any CPU
		GuestRelease|Mixed Platforms = GuestRelease|Mixed Platforms
		GuestRelease|x64 = GuestRelease|x64
		GuestRelease|x86 = GuestRelease|x86
		Release|Any CPU = Release|Any CPU
		Release|Mixed Platforms = Release|Mixed Platforms
		Release|x64 = Release|x64
		Release|x86 = Release|x86
		RemoteDebug|Any CPU = RemoteDebug|Any CPU
		RemoteDebug|Mixed Platforms = RemoteDebug|Mixed Platforms
		RemoteDebug|x64 = RemoteDebug|x64
		RemoteDebug|x86 = RemoteDebug|x86
		TestRelease|Any CPU = TestRelease|Any CPU
		TestRelease|Mixed Platforms = TestRelease|Mixed Platforms
		TestRelease|x64 = TestRelease|x64
		TestRelease|x86 = TestRelease|x86
	EndGlobalSection
	GlobalSection(ProjectConfigurationPlatforms) = postSolution
		{935E971A-0351-41CC-ACF5-31A8331C4D4E}.Debug|Any CPU.ActiveCfg = Debug|Any CPU
		{935E971A-0351-41CC-ACF5-31A8331C4D4E}.Debug|Any CPU.Build.0 = Debug|Any CPU
		{935E971A-0351-41CC-ACF5-31A8331C4D4E}.Debug|Mixed Platforms.ActiveCfg = Debug|Any CPU
		{935E971A-0351-41CC-ACF5-31A8331C4D4E}.Debug|Mixed Platforms.Build.0 = Debug|Any CPU
		{935E971A-0351-41CC-ACF5-31A8331C4D4E}.Debug|x64.ActiveCfg = Debug|Any CPU
		{935E971A-0351-41CC-ACF5-31A8331C4D4E}.Debug|x86.ActiveCfg = Debug|Any CPU
		{935E971A-0351-41CC-ACF5-31A8331C4D4E}.GuestRelease|Any CPU.ActiveCfg = GuestRelease|Any CPU
		{935E971A-0351-41CC-ACF5-31A8331C4D4E}.GuestRelease|Any CPU.Build.0 = GuestRelease|Any CPU
		{935E971A-0351-41CC-ACF5-31A8331C4D4E}.GuestRelease|Mixed Platforms.ActiveCfg = GuestRelease|Any CPU
		{935E971A-0351-41CC-ACF5-31A8331C4D4E}.GuestRelease|Mixed Platforms.Build.0 = GuestRelease|Any CPU
		{935E971A-0351-41CC-ACF5-31A8331C4D4E}.GuestRelease|x64.ActiveCfg = GuestRelease|Any CPU
		{935E971A-0351-41CC-ACF5-31A8331C4D4E}.GuestRelease|x86.ActiveCfg = GuestRelease|Any CPU
		{935E971A-0351-41CC-ACF5-31A8331C4D4E}.Release|Any CPU.ActiveCfg = Release|Any CPU
		{935E971A-0351-41CC-ACF5-31A8331C4D4E}.Release|Any CPU.Build.0 = Release|Any CPU
		{935E971A-0351-41CC-ACF5-31A8331C4D4E}.Release|Mixed Platforms.ActiveCfg = Release|Any CPU
		{935E971A-0351-41CC-ACF5-31A8331C4D4E}.Release|Mixed Platforms.Build.0 = Release|Any CPU
		{935E971A-0351-41CC-ACF5-31A8331C4D4E}.Release|x64.ActiveCfg = Release|Any CPU
		{935E971A-0351-41CC-ACF5-31A8331C4D4E}.Release|x86.ActiveCfg = Release|Any CPU
		{935E971A-0351-41CC-ACF5-31A8331C4D4E}.RemoteDebug|Any CPU.ActiveCfg = RemoteDebug|Any CPU
		{935E971A-0351-41CC-ACF5-31A8331C4D4E}.RemoteDebug|Any CPU.Build.0 = RemoteDebug|Any CPU
		{935E971A-0351-41CC-ACF5-31A8331C4D4E}.RemoteDebug|Mixed Platforms.ActiveCfg = RemoteDebug|Any CPU
		{935E971A-0351-41CC-ACF5-31A8331C4D4E}.RemoteDebug|Mixed Platforms.Build.0 = RemoteDebug|Any CPU
		{935E971A-0351-41CC-ACF5-31A8331C4D4E}.RemoteDebug|x64.ActiveCfg = Debug|Any CPU
		{935E971A-0351-41CC-ACF5-31A8331C4D4E}.RemoteDebug|x86.ActiveCfg = Debug|Any CPU
		{935E971A-0351-41CC-ACF5-31A8331C4D4E}.TestRelease|Any CPU.ActiveCfg = Release|Any CPU
		{935E971A-0351-41CC-ACF5-31A8331C4D4E}.TestRelease|Any CPU.Build.0 = Release|Any CPU
		{935E971A-0351-41CC-ACF5-31A8331C4D4E}.TestRelease|Mixed Platforms.ActiveCfg = Release|Any CPU
		{935E971A-0351-41CC-ACF5-31A8331C4D4E}.TestRelease|Mixed Platforms.Build.0 = Release|Any CPU
		{935E971A-0351-41CC-ACF5-31A8331C4D4E}.TestRelease|x64.ActiveCfg = Release|Any CPU
		{935E971A-0351-41CC-ACF5-31A8331C4D4E}.TestRelease|x86.ActiveCfg = Release|Any CPU
		{6A176135-D6F8-4538-99E2-C02E49DCEB05}.Debug|Any CPU.ActiveCfg = Debug|Any CPU
		{6A176135-D6F8-4538-99E2-C02E49DCEB05}.Debug|Any CPU.Build.0 = Debug|Any CPU
		{6A176135-D6F8-4538-99E2-C02E49DCEB05}.Debug|Mixed Platforms.ActiveCfg = Debug|Any CPU
		{6A176135-D6F8-4538-99E2-C02E49DCEB05}.Debug|Mixed Platforms.Build.0 = Debug|Any CPU
		{6A176135-D6F8-4538-99E2-C02E49DCEB05}.Debug|x64.ActiveCfg = Debug|Any CPU
		{6A176135-D6F8-4538-99E2-C02E49DCEB05}.Debug|x86.ActiveCfg = Debug|Any CPU
		{6A176135-D6F8-4538-99E2-C02E49DCEB05}.GuestRelease|Any CPU.ActiveCfg = GuestRelease|Any CPU
		{6A176135-D6F8-4538-99E2-C02E49DCEB05}.GuestRelease|Any CPU.Build.0 = GuestRelease|Any CPU
		{6A176135-D6F8-4538-99E2-C02E49DCEB05}.GuestRelease|Mixed Platforms.ActiveCfg = GuestRelease|Any CPU
		{6A176135-D6F8-4538-99E2-C02E49DCEB05}.GuestRelease|Mixed Platforms.Build.0 = GuestRelease|Any CPU
		{6A176135-D6F8-4538-99E2-C02E49DCEB05}.GuestRelease|x64.ActiveCfg = GuestRelease|Any CPU
		{6A176135-D6F8-4538-99E2-C02E49DCEB05}.GuestRelease|x86.ActiveCfg = GuestRelease|Any CPU
		{6A176135-D6F8-4538-99E2-C02E49DCEB05}.Release|Any CPU.ActiveCfg = Release|Any CPU
		{6A176135-D6F8-4538-99E2-C02E49DCEB05}.Release|Any CPU.Build.0 = Release|Any CPU
		{6A176135-D6F8-4538-99E2-C02E49DCEB05}.Release|Mixed Platforms.ActiveCfg = Release|Any CPU
		{6A176135-D6F8-4538-99E2-C02E49DCEB05}.Release|Mixed Platforms.Build.0 = Release|Any CPU
		{6A176135-D6F8-4538-99E2-C02E49DCEB05}.Release|x64.ActiveCfg = Release|Any CPU
		{6A176135-D6F8-4538-99E2-C02E49DCEB05}.Release|x86.ActiveCfg = Release|Any CPU
		{6A176135-D6F8-4538-99E2-C02E49DCEB05}.RemoteDebug|Any CPU.ActiveCfg = RemoteDebug|Any CPU
		{6A176135-D6F8-4538-99E2-C02E49DCEB05}.RemoteDebug|Any CPU.Build.0 = RemoteDebug|Any CPU
		{6A176135-D6F8-4538-99E2-C02E49DCEB05}.RemoteDebug|Mixed Platforms.ActiveCfg = RemoteDebug|Any CPU
		{6A176135-D6F8-4538-99E2-C02E49DCEB05}.RemoteDebug|Mixed Platforms.Build.0 = RemoteDebug|Any CPU
		{6A176135-D6F8-4538-99E2-C02E49DCEB05}.RemoteDebug|x64.ActiveCfg = Debug|Any CPU
		{6A176135-D6F8-4538-99E2-C02E49DCEB05}.RemoteDebug|x86.ActiveCfg = Debug|Any CPU
		{6A176135-D6F8-4538-99E2-C02E49DCEB05}.TestRelease|Any CPU.ActiveCfg = Release|Any CPU
		{6A176135-D6F8-4538-99E2-C02E49DCEB05}.TestRelease|Any CPU.Build.0 = Release|Any CPU
		{6A176135-D6F8-4538-99E2-C02E49DCEB05}.TestRelease|Mixed Platforms.ActiveCfg = Release|Any CPU
		{6A176135-D6F8-4538-99E2-C02E49DCEB05}.TestRelease|Mixed Platforms.Build.0 = Release|Any CPU
		{6A176135-D6F8-4538-99E2-C02E49DCEB05}.TestRelease|x64.ActiveCfg = Release|Any CPU
		{6A176135-D6F8-4538-99E2-C02E49DCEB05}.TestRelease|x86.ActiveCfg = Release|Any CPU
		{8AFA78B8-B7EE-4476-9D39-E356C6E76F66}.Debug|Any CPU.ActiveCfg = Debug|x86
		{8AFA78B8-B7EE-4476-9D39-E356C6E76F66}.Debug|Any CPU.Build.0 = Debug|x86
		{8AFA78B8-B7EE-4476-9D39-E356C6E76F66}.Debug|Mixed Platforms.ActiveCfg = Debug|x86
		{8AFA78B8-B7EE-4476-9D39-E356C6E76F66}.Debug|Mixed Platforms.Build.0 = Debug|x86
		{8AFA78B8-B7EE-4476-9D39-E356C6E76F66}.Debug|x64.ActiveCfg = Debug|x86
		{8AFA78B8-B7EE-4476-9D39-E356C6E76F66}.Debug|x86.ActiveCfg = Debug|x86
		{8AFA78B8-B7EE-4476-9D39-E356C6E76F66}.Debug|x86.Build.0 = Debug|x86
		{8AFA78B8-B7EE-4476-9D39-E356C6E76F66}.GuestRelease|Any CPU.ActiveCfg = GuestRelease|x86
		{8AFA78B8-B7EE-4476-9D39-E356C6E76F66}.GuestRelease|Mixed Platforms.ActiveCfg = GuestRelease|x86
		{8AFA78B8-B7EE-4476-9D39-E356C6E76F66}.GuestRelease|Mixed Platforms.Build.0 = GuestRelease|x86
		{8AFA78B8-B7EE-4476-9D39-E356C6E76F66}.GuestRelease|x64.ActiveCfg = GuestRelease|x86
		{8AFA78B8-B7EE-4476-9D39-E356C6E76F66}.GuestRelease|x86.ActiveCfg = GuestRelease|x86
		{8AFA78B8-B7EE-4476-9D39-E356C6E76F66}.GuestRelease|x86.Build.0 = GuestRelease|x86
		{8AFA78B8-B7EE-4476-9D39-E356C6E76F66}.Release|Any CPU.ActiveCfg = Release|x86
		{8AFA78B8-B7EE-4476-9D39-E356C6E76F66}.Release|Any CPU.Build.0 = Release|x86
		{8AFA78B8-B7EE-4476-9D39-E356C6E76F66}.Release|Mixed Platforms.ActiveCfg = Release|x86
		{8AFA78B8-B7EE-4476-9D39-E356C6E76F66}.Release|Mixed Platforms.Build.0 = Release|x86
		{8AFA78B8-B7EE-4476-9D39-E356C6E76F66}.Release|x64.ActiveCfg = Release|x86
		{8AFA78B8-B7EE-4476-9D39-E356C6E76F66}.Release|x86.ActiveCfg = Release|x86
		{8AFA78B8-B7EE-4476-9D39-E356C6E76F66}.Release|x86.Build.0 = Release|x86
		{8AFA78B8-B7EE-4476-9D39-E356C6E76F66}.RemoteDebug|Any CPU.ActiveCfg = RemoteDebug|x86
		{8AFA78B8-B7EE-4476-9D39-E356C6E76F66}.RemoteDebug|Any CPU.Build.0 = RemoteDebug|x86
		{8AFA78B8-B7EE-4476-9D39-E356C6E76F66}.RemoteDebug|Mixed Platforms.ActiveCfg = RemoteDebug|x86
		{8AFA78B8-B7EE-4476-9D39-E356C6E76F66}.RemoteDebug|Mixed Platforms.Build.0 = RemoteDebug|x86
		{8AFA78B8-B7EE-4476-9D39-E356C6E76F66}.RemoteDebug|x64.ActiveCfg = Debug|x86
		{8AFA78B8-B7EE-4476-9D39-E356C6E76F66}.RemoteDebug|x86.ActiveCfg = Debug|x86
		{8AFA78B8-B7EE-4476-9D39-E356C6E76F66}.RemoteDebug|x86.Build.0 = Debug|x86
		{8AFA78B8-B7EE-4476-9D39-E356C6E76F66}.TestRelease|Any CPU.ActiveCfg = TestRelease|x86
		{8AFA78B8-B7EE-4476-9D39-E356C6E76F66}.TestRelease|Any CPU.Build.0 = TestRelease|x86
		{8AFA78B8-B7EE-4476-9D39-E356C6E76F66}.TestRelease|Mixed Platforms.ActiveCfg = TestRelease|x86
		{8AFA78B8-B7EE-4476-9D39-E356C6E76F66}.TestRelease|Mixed Platforms.Build.0 = TestRelease|x86
		{8AFA78B8-B7EE-4476-9D39-E356C6E76F66}.TestRelease|x64.ActiveCfg = TestRelease|x86
		{8AFA78B8-B7EE-4476-9D39-E356C6E76F66}.TestRelease|x86.ActiveCfg = TestRelease|x86
		{8AFA78B8-B7EE-4476-9D39-E356C6E76F66}.TestRelease|x86.Build.0 = TestRelease|x86
		{0988C62E-247F-471F-A183-DB509C7A3839}.Debug|Any CPU.ActiveCfg = Debug|Any CPU
		{0988C62E-247F-471F-A183-DB509C7A3839}.Debug|Any CPU.Build.0 = Debug|Any CPU
		{0988C62E-247F-471F-A183-DB509C7A3839}.Debug|Mixed Platforms.ActiveCfg = Debug|Any CPU
		{0988C62E-247F-471F-A183-DB509C7A3839}.Debug|Mixed Platforms.Build.0 = Debug|Any CPU
		{0988C62E-247F-471F-A183-DB509C7A3839}.Debug|x64.ActiveCfg = Debug|Any CPU
		{0988C62E-247F-471F-A183-DB509C7A3839}.Debug|x86.ActiveCfg = Debug|Any CPU
		{0988C62E-247F-471F-A183-DB509C7A3839}.GuestRelease|Any CPU.ActiveCfg = GuestRelease|Any CPU
		{0988C62E-247F-471F-A183-DB509C7A3839}.GuestRelease|Any CPU.Build.0 = GuestRelease|Any CPU
		{0988C62E-247F-471F-A183-DB509C7A3839}.GuestRelease|Mixed Platforms.ActiveCfg = GuestRelease|Any CPU
		{0988C62E-247F-471F-A183-DB509C7A3839}.GuestRelease|Mixed Platforms.Build.0 = GuestRelease|Any CPU
		{0988C62E-247F-471F-A183-DB509C7A3839}.GuestRelease|x64.ActiveCfg = GuestRelease|Any CPU
		{0988C62E-247F-471F-A183-DB509C7A3839}.GuestRelease|x86.ActiveCfg = GuestRelease|Any CPU
		{0988C62E-247F-471F-A183-DB509C7A3839}.Release|Any CPU.ActiveCfg = Release|Any CPU
		{0988C62E-247F-471F-A183-DB509C7A3839}.Release|Any CPU.Build.0 = Release|Any CPU
		{0988C62E-247F-471F-A183-DB509C7A3839}.Release|Mixed Platforms.ActiveCfg = Release|Any CPU
		{0988C62E-247F-471F-A183-DB509C7A3839}.Release|Mixed Platforms.Build.0 = Release|Any CPU
		{0988C62E-247F-471F-A183-DB509C7A3839}.Release|x64.ActiveCfg = Release|Any CPU
		{0988C62E-247F-471F-A183-DB509C7A3839}.Release|x86.ActiveCfg = Release|Any CPU
		{0988C62E-247F-471F-A183-DB509C7A3839}.RemoteDebug|Any CPU.ActiveCfg = RemoteDebug|Any CPU
		{0988C62E-247F-471F-A183-DB509C7A3839}.RemoteDebug|Any CPU.Build.0 = RemoteDebug|Any CPU
		{0988C62E-247F-471F-A183-DB509C7A3839}.RemoteDebug|Mixed Platforms.ActiveCfg = RemoteDebug|Any CPU
		{0988C62E-247F-471F-A183-DB509C7A3839}.RemoteDebug|Mixed Platforms.Build.0 = RemoteDebug|Any CPU
		{0988C62E-247F-471F-A183-DB509C7A3839}.RemoteDebug|x64.ActiveCfg = Debug|Any CPU
		{0988C62E-247F-471F-A183-DB509C7A3839}.RemoteDebug|x86.ActiveCfg = Debug|Any CPU
		{0988C62E-247F-471F-A183-DB509C7A3839}.TestRelease|Any CPU.ActiveCfg = Release|Any CPU
		{0988C62E-247F-471F-A183-DB509C7A3839}.TestRelease|Any CPU.Build.0 = Release|Any CPU
		{0988C62E-247F-471F-A183-DB509C7A3839}.TestRelease|Mixed Platforms.ActiveCfg = Release|Any CPU
		{0988C62E-247F-471F-A183-DB509C7A3839}.TestRelease|Mixed Platforms.Build.0 = Release|Any CPU
		{0988C62E-247F-471F-A183-DB509C7A3839}.TestRelease|x64.ActiveCfg = Release|Any CPU
		{0988C62E-247F-471F-A183-DB509C7A3839}.TestRelease|x86.ActiveCfg = Release|Any CPU
		{7D3329CF-A710-4B0E-A345-A7CEE9657152}.Debug|Any CPU.ActiveCfg = Debug|Any CPU
		{7D3329CF-A710-4B0E-A345-A7CEE9657152}.Debug|Any CPU.Build.0 = Debug|Any CPU
		{7D3329CF-A710-4B0E-A345-A7CEE9657152}.Debug|Mixed Platforms.ActiveCfg = Debug|Any CPU
		{7D3329CF-A710-4B0E-A345-A7CEE9657152}.Debug|Mixed Platforms.Build.0 = Debug|Any CPU
		{7D3329CF-A710-4B0E-A345-A7CEE9657152}.Debug|x64.ActiveCfg = Debug|Any CPU
		{7D3329CF-A710-4B0E-A345-A7CEE9657152}.Debug|x86.ActiveCfg = Debug|Any CPU
		{7D3329CF-A710-4B0E-A345-A7CEE9657152}.GuestRelease|Any CPU.ActiveCfg = GuestRelease|Any CPU
		{7D3329CF-A710-4B0E-A345-A7CEE9657152}.GuestRelease|Any CPU.Build.0 = GuestRelease|Any CPU
		{7D3329CF-A710-4B0E-A345-A7CEE9657152}.GuestRelease|Mixed Platforms.ActiveCfg = GuestRelease|Any CPU
		{7D3329CF-A710-4B0E-A345-A7CEE9657152}.GuestRelease|Mixed Platforms.Build.0 = GuestRelease|Any CPU
		{7D3329CF-A710-4B0E-A345-A7CEE9657152}.GuestRelease|x64.ActiveCfg = GuestRelease|Any CPU
		{7D3329CF-A710-4B0E-A345-A7CEE9657152}.GuestRelease|x86.ActiveCfg = GuestRelease|Any CPU
		{7D3329CF-A710-4B0E-A345-A7CEE9657152}.Release|Any CPU.ActiveCfg = Release|Any CPU
		{7D3329CF-A710-4B0E-A345-A7CEE9657152}.Release|Any CPU.Build.0 = Release|Any CPU
		{7D3329CF-A710-4B0E-A345-A7CEE9657152}.Release|Mixed Platforms.ActiveCfg = Release|Any CPU
		{7D3329CF-A710-4B0E-A345-A7CEE9657152}.Release|Mixed Platforms.Build.0 = Release|Any CPU
		{7D3329CF-A710-4B0E-A345-A7CEE9657152}.Release|x64.ActiveCfg = Release|Any CPU
		{7D3329CF-A710-4B0E-A345-A7CEE9657152}.Release|x86.ActiveCfg = Release|Any CPU
		{7D3329CF-A710-4B0E-A345-A7CEE9657152}.RemoteDebug|Any CPU.ActiveCfg = RemoteDebug|Any CPU
		{7D3329CF-A710-4B0E-A345-A7CEE9657152}.RemoteDebug|Any CPU.Build.0 = RemoteDebug|Any CPU
		{7D3329CF-A710-4B0E-A345-A7CEE9657152}.RemoteDebug|Mixed Platforms.ActiveCfg = RemoteDebug|Any CPU
		{7D3329CF-A710-4B0E-A345-A7CEE9657152}.RemoteDebug|Mixed Platforms.Build.0 = RemoteDebug|Any CPU
		{7D3329CF-A710-4B0E-A345-A7CEE9657152}.RemoteDebug|x64.ActiveCfg = Debug|Any CPU
		{7D3329CF-A710-4B0E-A345-A7CEE9657152}.RemoteDebug|x86.ActiveCfg = Debug|Any CPU
		{7D3329CF-A710-4B0E-A345-A7CEE9657152}.TestRelease|Any CPU.ActiveCfg = Release|Any CPU
		{7D3329CF-A710-4B0E-A345-A7CEE9657152}.TestRelease|Any CPU.Build.0 = Release|Any CPU
		{7D3329CF-A710-4B0E-A345-A7CEE9657152}.TestRelease|Mixed Platforms.ActiveCfg = Release|Any CPU
		{7D3329CF-A710-4B0E-A345-A7CEE9657152}.TestRelease|Mixed Platforms.Build.0 = Release|Any CPU
		{7D3329CF-A710-4B0E-A345-A7CEE9657152}.TestRelease|x64.ActiveCfg = Release|Any CPU
		{7D3329CF-A710-4B0E-A345-A7CEE9657152}.TestRelease|x86.ActiveCfg = Release|Any CPU
		{181FE707-E161-4722-9F38-6AAAB6FAA106}.Debug|Any CPU.ActiveCfg = Debug|Any CPU
		{181FE707-E161-4722-9F38-6AAAB6FAA106}.Debug|Any CPU.Build.0 = Debug|Any CPU
		{181FE707-E161-4722-9F38-6AAAB6FAA106}.Debug|Mixed Platforms.ActiveCfg = Debug|Any CPU
		{181FE707-E161-4722-9F38-6AAAB6FAA106}.Debug|x64.ActiveCfg = Debug|Any CPU
		{181FE707-E161-4722-9F38-6AAAB6FAA106}.Debug|x86.ActiveCfg = Debug|Any CPU
		{181FE707-E161-4722-9F38-6AAAB6FAA106}.GuestRelease|Any CPU.ActiveCfg = GuestRelease|Any CPU
		{181FE707-E161-4722-9F38-6AAAB6FAA106}.GuestRelease|Any CPU.Build.0 = GuestRelease|Any CPU
		{181FE707-E161-4722-9F38-6AAAB6FAA106}.GuestRelease|Mixed Platforms.ActiveCfg = GuestRelease|Any CPU
		{181FE707-E161-4722-9F38-6AAAB6FAA106}.GuestRelease|Mixed Platforms.Build.0 = GuestRelease|Any CPU
		{181FE707-E161-4722-9F38-6AAAB6FAA106}.GuestRelease|x64.ActiveCfg = GuestRelease|Any CPU
		{181FE707-E161-4722-9F38-6AAAB6FAA106}.GuestRelease|x86.ActiveCfg = GuestRelease|Any CPU
		{181FE707-E161-4722-9F38-6AAAB6FAA106}.Release|Any CPU.ActiveCfg = Release|Any CPU
		{181FE707-E161-4722-9F38-6AAAB6FAA106}.Release|Any CPU.Build.0 = Release|Any CPU
		{181FE707-E161-4722-9F38-6AAAB6FAA106}.Release|Mixed Platforms.ActiveCfg = Release|Any CPU
		{181FE707-E161-4722-9F38-6AAAB6FAA106}.Release|Mixed Platforms.Build.0 = Release|Any CPU
		{181FE707-E161-4722-9F38-6AAAB6FAA106}.Release|x64.ActiveCfg = Release|Any CPU
		{181FE707-E161-4722-9F38-6AAAB6FAA106}.Release|x86.ActiveCfg = Release|Any CPU
		{181FE707-E161-4722-9F38-6AAAB6FAA106}.RemoteDebug|Any CPU.ActiveCfg = RemoteDebug|Any CPU
		{181FE707-E161-4722-9F38-6AAAB6FAA106}.RemoteDebug|Any CPU.Build.0 = RemoteDebug|Any CPU
		{181FE707-E161-4722-9F38-6AAAB6FAA106}.RemoteDebug|Mixed Platforms.ActiveCfg = RemoteDebug|Any CPU
		{181FE707-E161-4722-9F38-6AAAB6FAA106}.RemoteDebug|Mixed Platforms.Build.0 = RemoteDebug|Any CPU
		{181FE707-E161-4722-9F38-6AAAB6FAA106}.RemoteDebug|x64.ActiveCfg = Debug|Any CPU
		{181FE707-E161-4722-9F38-6AAAB6FAA106}.RemoteDebug|x86.ActiveCfg = Debug|Any CPU
		{181FE707-E161-4722-9F38-6AAAB6FAA106}.TestRelease|Any CPU.ActiveCfg = Release|Any CPU
		{181FE707-E161-4722-9F38-6AAAB6FAA106}.TestRelease|Any CPU.Build.0 = Release|Any CPU
		{181FE707-E161-4722-9F38-6AAAB6FAA106}.TestRelease|Mixed Platforms.ActiveCfg = Release|Any CPU
		{181FE707-E161-4722-9F38-6AAAB6FAA106}.TestRelease|Mixed Platforms.Build.0 = Release|Any CPU
		{181FE707-E161-4722-9F38-6AAAB6FAA106}.TestRelease|x64.ActiveCfg = Release|Any CPU
		{181FE707-E161-4722-9F38-6AAAB6FAA106}.TestRelease|x86.ActiveCfg = Release|Any CPU
		{12FDD430-C6D0-42EB-B81C-FB9E4C00810D}.Debug|Any CPU.ActiveCfg = Debug
		{12FDD430-C6D0-42EB-B81C-FB9E4C00810D}.Debug|Mixed Platforms.ActiveCfg = Debug
		{12FDD430-C6D0-42EB-B81C-FB9E4C00810D}.Debug|x64.ActiveCfg = Debug
		{12FDD430-C6D0-42EB-B81C-FB9E4C00810D}.Debug|x64.Build.0 = Debug
		{12FDD430-C6D0-42EB-B81C-FB9E4C00810D}.Debug|x86.ActiveCfg = Debug
		{12FDD430-C6D0-42EB-B81C-FB9E4C00810D}.Debug|x86.Build.0 = Debug
		{12FDD430-C6D0-42EB-B81C-FB9E4C00810D}.GuestRelease|Any CPU.ActiveCfg = GuestRelease
		{12FDD430-C6D0-42EB-B81C-FB9E4C00810D}.GuestRelease|Mixed Platforms.ActiveCfg = GuestRelease
		{12FDD430-C6D0-42EB-B81C-FB9E4C00810D}.GuestRelease|Mixed Platforms.Build.0 = GuestRelease
		{12FDD430-C6D0-42EB-B81C-FB9E4C00810D}.GuestRelease|x64.ActiveCfg = GuestRelease
		{12FDD430-C6D0-42EB-B81C-FB9E4C00810D}.GuestRelease|x64.Build.0 = GuestRelease
		{12FDD430-C6D0-42EB-B81C-FB9E4C00810D}.GuestRelease|x86.ActiveCfg = GuestRelease
		{12FDD430-C6D0-42EB-B81C-FB9E4C00810D}.GuestRelease|x86.Build.0 = GuestRelease
		{12FDD430-C6D0-42EB-B81C-FB9E4C00810D}.Release|Any CPU.ActiveCfg = Release
		{12FDD430-C6D0-42EB-B81C-FB9E4C00810D}.Release|Mixed Platforms.ActiveCfg = Release
		{12FDD430-C6D0-42EB-B81C-FB9E4C00810D}.Release|Mixed Platforms.Build.0 = Release
		{12FDD430-C6D0-42EB-B81C-FB9E4C00810D}.Release|x64.ActiveCfg = Release
		{12FDD430-C6D0-42EB-B81C-FB9E4C00810D}.Release|x64.Build.0 = Release
		{12FDD430-C6D0-42EB-B81C-FB9E4C00810D}.Release|x86.ActiveCfg = Release
		{12FDD430-C6D0-42EB-B81C-FB9E4C00810D}.Release|x86.Build.0 = Release
		{12FDD430-C6D0-42EB-B81C-FB9E4C00810D}.RemoteDebug|Any CPU.ActiveCfg = RemoteDebug
		{12FDD430-C6D0-42EB-B81C-FB9E4C00810D}.RemoteDebug|Mixed Platforms.ActiveCfg = RemoteDebug
		{12FDD430-C6D0-42EB-B81C-FB9E4C00810D}.RemoteDebug|Mixed Platforms.Build.0 = RemoteDebug
		{12FDD430-C6D0-42EB-B81C-FB9E4C00810D}.RemoteDebug|x64.ActiveCfg = RemoteDebug
		{12FDD430-C6D0-42EB-B81C-FB9E4C00810D}.RemoteDebug|x64.Build.0 = RemoteDebug
		{12FDD430-C6D0-42EB-B81C-FB9E4C00810D}.RemoteDebug|x86.ActiveCfg = RemoteDebug
		{12FDD430-C6D0-42EB-B81C-FB9E4C00810D}.RemoteDebug|x86.Build.0 = RemoteDebug
		{12FDD430-C6D0-42EB-B81C-FB9E4C00810D}.TestRelease|Any CPU.ActiveCfg = Release
		{12FDD430-C6D0-42EB-B81C-FB9E4C00810D}.TestRelease|Mixed Platforms.ActiveCfg = Release
		{12FDD430-C6D0-42EB-B81C-FB9E4C00810D}.TestRelease|Mixed Platforms.Build.0 = Release
		{12FDD430-C6D0-42EB-B81C-FB9E4C00810D}.TestRelease|x64.ActiveCfg = Release
		{12FDD430-C6D0-42EB-B81C-FB9E4C00810D}.TestRelease|x64.Build.0 = Release
		{12FDD430-C6D0-42EB-B81C-FB9E4C00810D}.TestRelease|x86.ActiveCfg = Release
		{12FDD430-C6D0-42EB-B81C-FB9E4C00810D}.TestRelease|x86.Build.0 = Release
	EndGlobalSection
	GlobalSection(SolutionProperties) = preSolution
		HideSolutionNode = FALSE
	EndGlobalSection
EndGlobal
